
Microsoft Visual Studio Solution File, Format Version 12.00
# Visual Studio Version 17
VisualStudioVersion = 17.6.33815.320
MinimumVisualStudioVersion = 10.0.40219.1
Project("{FAE04EC0-301F-11D3-BF4B-00C04F79EFBC}") = "20112023-Classe_prodotto", "20112023-Classe_prodotto\20112023-Classe_prodotto.csproj", "{BD04D9A1-9D3E-4E50-AC7D-A6F48FC63661}"
EndProject
Global
	GlobalSection(SolutionConfigurationPlatforms) = preSolution
		Debug|Any CPU = Debug|Any CPU
		Release|Any CPU = Release|Any CPU
	EndGlobalSection
	GlobalSection(ProjectConfigurationPlatforms) = postSolution
		{BD04D9A1-9D3E-4E50-AC7D-A6F48FC63661}.Debug|Any CPU.ActiveCfg = Debug|Any CPU
		{BD04D9A1-9D3E-4E50-AC7D-A6F48FC63661}.Debug|Any CPU.Build.0 = Debug|Any CPU
		{BD04D9A1-9D3E-4E50-AC7D-A6F48FC63661}.Release|Any CPU.ActiveCfg = Release|Any CPU
		{BD04D9A1-9D3E-4E50-AC7D-A6F48FC63661}.Release|Any CPU.Build.0 = Release|Any CPU
	EndGlobalSection
	GlobalSection(SolutionProperties) = preSolution
		HideSolutionNode = FALSE
	EndGlobalSection
	GlobalSection(ExtensibilityGlobals) = postSolution
		SolutionGuid = {03F823CC-4D9C-4793-82C4-3D2CA0A547F7}
	EndGlobalSection
EndGlobal
